// !$*UTF8*$!
{
	archiveVersion = 1;
	classes = {
	};
	objectVersion = 56;
	objects = {

/* Begin PBXBuildFile section */
		512589D42AE0706300C9FD67 /* ColorTextField.swift in Sources */ = {isa = PBXBuildFile; fileRef = 512589D32AE0706300C9FD67 /* ColorTextField.swift */; };
		51D75EB52AE00F5E0009E504 /* AppDelegate.swift in Sources */ = {isa = PBXBuildFile; fileRef = 51D75EB42AE00F5E0009E504 /* AppDelegate.swift */; };
		51D75EB72AE00F5E0009E504 /* SceneDelegate.swift in Sources */ = {isa = PBXBuildFile; fileRef = 51D75EB62AE00F5E0009E504 /* SceneDelegate.swift */; };
		51D75EB92AE00F5E0009E504 /* SettingsViewController.swift in Sources */ = {isa = PBXBuildFile; fileRef = 51D75EB82AE00F5E0009E504 /* SettingsViewController.swift */; };
		51D75EBE2AE00F5F0009E504 /* Assets.xcassets in Resources */ = {isa = PBXBuildFile; fileRef = 51D75EBD2AE00F5F0009E504 /* Assets.xcassets */; };
		51D75EC12AE00F5F0009E504 /* LaunchScreen.storyboard in Resources */ = {isa = PBXBuildFile; fileRef = 51D75EBF2AE00F5F0009E504 /* LaunchScreen.storyboard */; };
		51F8F6CE2AE161E50056E5D3 /* InitialViewController.swift in Sources */ = {isa = PBXBuildFile; fileRef = 51F8F6CD2AE161E50056E5D3 /* InitialViewController.swift */; };
		51F8F6D12AE17A9F0056E5D3 /* SettingsViewControllerDelegate.swift in Sources */ = {isa = PBXBuildFile; fileRef = 51F8F6D02AE17A9F0056E5D3 /* SettingsViewControllerDelegate.swift */; };
		51F8F6D42AE47A090056E5D3 /* Theme.swift in Sources */ = {isa = PBXBuildFile; fileRef = 51F8F6D32AE47A090056E5D3 /* Theme.swift */; };
/* End PBXBuildFile section */

/* Begin PBXFileReference section */
		512589D32AE0706300C9FD67 /* ColorTextField.swift */ = {isa = PBXFileReference; lastKnownFileType = sourcecode.swift; path = ColorTextField.swift; sourceTree = "<group>"; };
		51D75EB12AE00F5E0009E504 /* Colorizer.app */ = {isa = PBXFileReference; explicitFileType = wrapper.application; includeInIndex = 0; path = Colorizer.app; sourceTree = BUILT_PRODUCTS_DIR; };
		51D75EB42AE00F5E0009E504 /* AppDelegate.swift */ = {isa = PBXFileReference; lastKnownFileType = sourcecode.swift; path = AppDelegate.swift; sourceTree = "<group>"; };
		51D75EB62AE00F5E0009E504 /* SceneDelegate.swift */ = {isa = PBXFileReference; lastKnownFileType = sourcecode.swift; path = SceneDelegate.swift; sourceTree = "<group>"; };
		51D75EB82AE00F5E0009E504 /* SettingsViewController.swift */ = {isa = PBXFileReference; lastKnownFileType = sourcecode.swift; path = SettingsViewController.swift; sourceTree = "<group>"; };
		51D75EBD2AE00F5F0009E504 /* Assets.xcassets */ = {isa = PBXFileReference; lastKnownFileType = folder.assetcatalog; path = Assets.xcassets; sourceTree = "<group>"; };
		51D75EC02AE00F5F0009E504 /* Base */ = {isa = PBXFileReference; lastKnownFileType = file.storyboard; name = Base; path = Base.lproj/LaunchScreen.storyboard; sourceTree = "<group>"; };
		51D75EC22AE00F5F0009E504 /* Info.plist */ = {isa = PBXFileReference; lastKnownFileType = text.plist.xml; path = Info.plist; sourceTree = "<group>"; };
		51F8F6CD2AE161E50056E5D3 /* InitialViewController.swift */ = {isa = PBXFileReference; lastKnownFileType = sourcecode.swift; path = InitialViewController.swift; sourceTree = "<group>"; };
		51F8F6D02AE17A9F0056E5D3 /* SettingsViewControllerDelegate.swift */ = {isa = PBXFileReference; lastKnownFileType = sourcecode.swift; path = SettingsViewControllerDelegate.swift; sourceTree = "<group>"; };
		51F8F6D32AE47A090056E5D3 /* Theme.swift */ = {isa = PBXFileReference; lastKnownFileType = sourcecode.swift; path = Theme.swift; sourceTree = "<group>"; };
/* End PBXFileReference section */

/* Begin PBXFrameworksBuildPhase section */
		51D75EAE2AE00F5E0009E504 /* Frameworks */ = {
			isa = PBXFrameworksBuildPhase;
			buildActionMask = 2147483647;
			files = (
			);
			runOnlyForDeploymentPostprocessing = 0;
		};
/* End PBXFrameworksBuildPhase section */

/* Begin PBXGroup section */
		51D75EA82AE00F5E0009E504 = {
			isa = PBXGroup;
			children = (
				51D75EB32AE00F5E0009E504 /* Colorizer */,
				51D75EB22AE00F5E0009E504 /* Products */,
			);
			sourceTree = "<group>";
		};
		51D75EB22AE00F5E0009E504 /* Products */ = {
			isa = PBXGroup;
			children = (
				51D75EB12AE00F5E0009E504 /* Colorizer.app */,
			);
			name = Products;
			sourceTree = "<group>";
		};
		51D75EB32AE00F5E0009E504 /* Colorizer */ = {
			isa = PBXGroup;
			children = (
				51D75EB42AE00F5E0009E504 /* AppDelegate.swift */,
				51D75EB62AE00F5E0009E504 /* SceneDelegate.swift */,
				51F8F6CF2AE161EA0056E5D3 /* ViewControllers */,
				512589D32AE0706300C9FD67 /* ColorTextField.swift */,
				51F8F6D22AE1D1000056E5D3 /* Protocols */,
				51D75EBD2AE00F5F0009E504 /* Assets.xcassets */,
				51F8F6D52AE47A190056E5D3 /* Models */,
				51D75EBF2AE00F5F0009E504 /* LaunchScreen.storyboard */,
				51D75EC22AE00F5F0009E504 /* Info.plist */,
			);
			path = Colorizer;
			sourceTree = "<group>";
		};
		51F8F6CF2AE161EA0056E5D3 /* ViewControllers */ = {
			isa = PBXGroup;
			children = (
				51D75EB82AE00F5E0009E504 /* SettingsViewController.swift */,
				51F8F6CD2AE161E50056E5D3 /* InitialViewController.swift */,
			);
			path = ViewControllers;
			sourceTree = "<group>";
		};
		51F8F6D22AE1D1000056E5D3 /* Protocols */ = {
			isa = PBXGroup;
			children = (
				51F8F6D02AE17A9F0056E5D3 /* SettingsViewControllerDelegate.swift */,
			);
			path = Protocols;
			sourceTree = "<group>";
		};
		51F8F6D52AE47A190056E5D3 /* Models */ = {
			isa = PBXGroup;
			children = (
				51F8F6D32AE47A090056E5D3 /* Theme.swift */,
			);
			path = Models;
			sourceTree = "<group>";
		};
/* End PBXGroup section */

/* Begin PBXNativeTarget section */
		51D75EB02AE00F5E0009E504 /* Colorizer */ = {
			isa = PBXNativeTarget;
			buildConfigurationList = 51D75EC52AE00F5F0009E504 /* Build configuration list for PBXNativeTarget "Colorizer" */;
			buildPhases = (
				51D75EAD2AE00F5E0009E504 /* Sources */,
				51D75EAE2AE00F5E0009E504 /* Frameworks */,
				51D75EAF2AE00F5E0009E504 /* Resources */,
			);
			buildRules = (
			);
			dependencies = (
			);
			name = Colorizer;
			productName = Colorizer;
			productReference = 51D75EB12AE00F5E0009E504 /* Colorizer.app */;
			productType = "com.apple.product-type.application";
		};
/* End PBXNativeTarget section */

/* Begin PBXProject section */
		51D75EA92AE00F5E0009E504 /* Project object */ = {
			isa = PBXProject;
			attributes = {
				BuildIndependentTargetsInParallel = 1;
				LastSwiftUpdateCheck = 1500;
				LastUpgradeCheck = 1500;
				TargetAttributes = {
					51D75EB02AE00F5E0009E504 = {
						CreatedOnToolsVersion = 15.0;
					};
				};
			};
			buildConfigurationList = 51D75EAC2AE00F5E0009E504 /* Build configuration list for PBXProject "Colorizer" */;
			compatibilityVersion = "Xcode 14.0";
			developmentRegion = en;
			hasScannedForEncodings = 0;
			knownRegions = (
				en,
				Base,
			);
			mainGroup = 51D75EA82AE00F5E0009E504;
			productRefGroup = 51D75EB22AE00F5E0009E504 /* Products */;
			projectDirPath = "";
			projectRoot = "";
			targets = (
				51D75EB02AE00F5E0009E504 /* Colorizer */,
			);
		};
/* End PBXProject section */

/* Begin PBXResourcesBuildPhase section */
		51D75EAF2AE00F5E0009E504 /* Resources */ = {
			isa = PBXResourcesBuildPhase;
			buildActionMask = 2147483647;
			files = (
				51D75EC12AE00F5F0009E504 /* LaunchScreen.storyboard in Resources */,
				51D75EBE2AE00F5F0009E504 /* Assets.xcassets in Resources */,
			);
			runOnlyForDeploymentPostprocessing = 0;
		};
/* End PBXResourcesBuildPhase section */

/* Begin PBXSourcesBuildPhase section */
		51D75EAD2AE00F5E0009E504 /* Sources */ = {
			isa = PBXSourcesBuildPhase;
			buildActionMask = 2147483647;
			files = (
				51F8F6D12AE17A9F0056E5D3 /* SettingsViewControllerDelegate.swift in Sources */,
				51F8F6CE2AE161E50056E5D3 /* InitialViewController.swift in Sources */,
				51D75EB92AE00F5E0009E504 /* SettingsViewController.swift in Sources */,
				51D75EB52AE00F5E0009E504 /* AppDelegate.swift in Sources */,
				51D75EB72AE00F5E0009E504 /* SceneDelegate.swift in Sources */,
				512589D42AE0706300C9FD67 /* ColorTextField.swift in Sources */,
				51F8F6D42AE47A090056E5D3 /* Theme.swift in Sources */,
			);
			runOnlyForDeploymentPostprocessing = 0;
		};
/* End PBXSourcesBuildPhase section */

/* Begin PBXVariantGroup section */
		51D75EBF2AE00F5F0009E504 /* LaunchScreen.storyboard */ = {
			isa = PBXVariantGroup;
			children = (
				51D75EC02AE00F5F0009E504 /* Base */,
			);
			name = LaunchScreen.storyboard;
			sourceTree = "<group>";
		};
/* End PBXVariantGroup section */

/* Begin XCBuildConfiguration section */
		51D75EC32AE00F5F0009E504 /* Debug */ = {
			isa = XCBuildConfiguration;
			buildSettings = {
				ALWAYS_SEARCH_USER_PATHS = NO;
				ASSETCATALOG_COMPILER_GENERATE_SWIFT_ASSET_SYMBOL_EXTENSIONS = YES;
				CLANG_ANALYZER_NONNULL = YES;
				CLANG_ANALYZER_NUMBER_OBJECT_CONVERSION = YES_AGGRESSIVE;
				CLANG_CXX_LANGUAGE_STANDARD = "gnu++20";
				CLANG_ENABLE_MODULES = YES;
				CLANG_ENABLE_OBJC_ARC = YES;
				CLANG_ENABLE_OBJC_WEAK = YES;
				CLANG_WARN_BLOCK_CAPTURE_AUTORELEASING = YES;
				CLANG_WARN_BOOL_CONVERSION = YES;
				CLANG_WARN_COMMA = YES;
				CLANG_WARN_CONSTANT_CONVERSION = YES;
				CLANG_WARN_DEPRECATED_OBJC_IMPLEMENTATIONS = YES;
				CLANG_WARN_DIRECT_OBJC_ISA_USAGE = YES_ERROR;
				CLANG_WARN_DOCUMENTATION_COMMENTS = YES;
				CLANG_WARN_EMPTY_BODY = YES;
				CLANG_WARN_ENUM_CONVERSION = YES;
				CLANG_WARN_INFINITE_RECURSION = YES;
				CLANG_WARN_INT_CONVERSION = YES;
				CLANG_WARN_NON_LITERAL_NULL_CONVERSION = YES;
				CLANG_WARN_OBJC_IMPLICIT_RETAIN_SELF = YES;
				CLANG_WARN_OBJC_LITERAL_CONVERSION = YES;
				CLANG_WARN_OBJC_ROOT_CLASS = YES_ERROR;
				CLANG_WARN_QUOTED_INCLUDE_IN_FRAMEWORK_HEADER = YES;
				CLANG_WARN_RANGE_LOOP_ANALYSIS = YES;
				CLANG_WARN_STRICT_PROTOTYPES = YES;
				CLANG_WARN_SUSPICIOUS_MOVE = YES;
				CLANG_WARN_UNGUARDED_AVAILABILITY = YES_AGGRESSIVE;
				CLANG_WARN_UNREACHABLE_CODE = YES;
				CLANG_WARN__DUPLICATE_METHOD_MATCH = YES;
				COPY_PHASE_STRIP = NO;
				DEBUG_INFORMATION_FORMAT = dwarf;
				ENABLE_STRICT_OBJC_MSGSEND = YES;
				ENABLE_TESTABILITY = YES;
				ENABLE_USER_SCRIPT_SANDBOXING = YES;
				GCC_C_LANGUAGE_STANDARD = gnu17;
				GCC_DYNAMIC_NO_PIC = NO;
				GCC_NO_COMMON_BLOCKS = YES;
				GCC_OPTIMIZATION_LEVEL = 0;
				GCC_PREPROCESSOR_DEFINITIONS = (
					"DEBUG=1",
					"$(inherited)",
				);
				GCC_WARN_64_TO_32_BIT_CONVERSION = YES;
				GCC_WARN_ABOUT_RETURN_TYPE = YES_ERROR;
				GCC_WARN_UNDECLARED_SELECTOR = YES;
				GCC_WARN_UNINITIALIZED_AUTOS = YES_AGGRESSIVE;
				GCC_WARN_UNUSED_FUNCTION = YES;
				GCC_WARN_UNUSED_VARIABLE = YES;
				IPHONEOS_DEPLOYMENT_TARGET = 17.0;
				LOCALIZATION_PREFERS_STRING_CATALOGS = YES;
				MTL_ENABLE_DEBUG_INFO = INCLUDE_SOURCE;
				MTL_FAST_MATH = YES;
				ONLY_ACTIVE_ARCH = YES;
				SDKROOT = iphoneos;
				SWIFT_ACTIVE_COMPILATION_CONDITIONS = "DEBUG $(inherited)";
				SWIFT_OPTIMIZATION_LEVEL = "-Onone";
			};
			name = Debug;
		};
		51D75EC42AE00F5F0009E504 /* Release */ = {
			isa = XCBuildConfiguration;
			buildSettings = {
				ALWAYS_SEARCH_USER_PATHS = NO;
				ASSETCATALOG_COMPILER_GENERATE_SWIFT_ASSET_SYMBOL_EXTENSIONS = YES;
				CLANG_ANALYZER_NONNULL = YES;
				CLANG_ANALYZER_NUMBER_OBJECT_CONVERSION = YES_AGGRESSIVE;
				CLANG_CXX_LANGUAGE_STANDARD = "gnu++20";
				CLANG_ENABLE_MODULES = YES;
				CLANG_ENABLE_OBJC_ARC = YES;
				CLANG_ENABLE_OBJC_WEAK = YES;
				CLANG_WARN_BLOCK_CAPTURE_AUTORELEASING = YES;
				CLANG_WARN_BOOL_CONVERSION = YES;
				CLANG_WARN_COMMA = YES;
				CLANG_WARN_CONSTANT_CONVERSION = YES;
				CLANG_WARN_DEPRECATED_OBJC_IMPLEMENTATIONS = YES;
				CLANG_WARN_DIRECT_OBJC_ISA_USAGE = YES_ERROR;
				CLANG_WARN_DOCUMENTATION_COMMENTS = YES;
				CLANG_WARN_EMPTY_BODY = YES;
				CLANG_WARN_ENUM_CONVERSION = YES;
				CLANG_WARN_INFINITE_RECURSION = YES;
				CLANG_WARN_INT_CONVERSION = YES;
				CLANG_WARN_NON_LITERAL_NULL_CONVERSION = YES;
				CLANG_WARN_OBJC_IMPLICIT_RETAIN_SELF = YES;
				CLANG_WARN_OBJC_LITERAL_CONVERSION = YES;
				CLANG_WARN_OBJC_ROOT_CLASS = YES_ERROR;
				CLANG_WARN_QUOTED_INCLUDE_IN_FRAMEWORK_HEADER = YES;
				CLANG_WARN_RANGE_LOOP_ANALYSIS = YES;
				CLANG_WARN_STRICT_PROTOTYPES = YES;
				CLANG_WARN_SUSPICIOUS_MOVE = YES;
				CLANG_WARN_UNGUARDED_AVAILABILITY = YES_AGGRESSIVE;
				CLANG_WARN_UNREACHABLE_CODE = YES;
				CLANG_WARN__DUPLICATE_METHOD_MATCH = YES;
				COPY_PHASE_STRIP = NO;
				DEBUG_INFORMATION_FORMAT = "dwarf-with-dsym";
				ENABLE_NS_ASSERTIONS = NO;
				ENABLE_STRICT_OBJC_MSGSEND = YES;
				ENABLE_USER_SCRIPT_SANDBOXING = YES;
				GCC_C_LANGUAGE_STANDARD = gnu17;
				GCC_NO_COMMON_BLOCKS = YES;
				GCC_WARN_64_TO_32_BIT_CONVERSION = YES;
				GCC_WARN_ABOUT_RETURN_TYPE = YES_ERROR;
				GCC_WARN_UNDECLARED_SELECTOR = YES;
				GCC_WARN_UNINITIALIZED_AUTOS = YES_AGGRESSIVE;
				GCC_WARN_UNUSED_FUNCTION = YES;
				GCC_WARN_UNUSED_VARIABLE = YES;
				IPHONEOS_DEPLOYMENT_TARGET = 17.0;
				LOCALIZATION_PREFERS_STRING_CATALOGS = YES;
				MTL_ENABLE_DEBUG_INFO = NO;
				MTL_FAST_MATH = YES;
				SDKROOT = iphoneos;
				SWIFT_COMPILATION_MODE = wholemodule;
				VALIDATE_PRODUCT = YES;
			};
			name = Release;
		};
		51D75EC62AE00F5F0009E504 /* Debug */ = {
			isa = XCBuildConfiguration;
			buildSettings = {
				ASSETCATALOG_COMPILER_APPICON_NAME = AppIcon;
				ASSETCATALOG_COMPILER_GLOBAL_ACCENT_COLOR_NAME = AccentColor;
				CODE_SIGN_STYLE = Automatic;
				CURRENT_PROJECT_VERSION = 1;
				DEVELOPMENT_TEAM = 4M232ZC8EQ;
				GENERATE_INFOPLIST_FILE = YES;
				INFOPLIST_FILE = Colorizer/Info.plist;
				INFOPLIST_KEY_UIApplicationSupportsIndirectInputEvents = YES;
				INFOPLIST_KEY_UILaunchStoryboardName = LaunchScreen;
				INFOPLIST_KEY_UISupportedInterfaceOrientations = UIInterfaceOrientationPortrait;
				INFOPLIST_KEY_UISupportedInterfaceOrientations_iPad = "UIInterfaceOrientationLandscapeLeft UIInterfaceOrientationLandscapeRight UIInterfaceOrientationPortrait UIInterfaceOrientationPortraitUpsideDown";
				IPHONEOS_DEPLOYMENT_TARGET = 15.0;
				LD_RUNPATH_SEARCH_PATHS = (
					"$(inherited)",
					"@executable_path/Frameworks",
				);
				MARKETING_VERSION = 1.0;
				PRODUCT_BUNDLE_IDENTIFIER = com.maxkiselyov.Colorizer;
				PRODUCT_NAME = "$(TARGET_NAME)";
				SUPPORTED_PLATFORMS = "iphoneos iphonesimulator";
				SUPPORTS_MACCATALYST = NO;
				SUPPORTS_MAC_DESIGNED_FOR_IPHONE_IPAD = NO;
				SWIFT_EMIT_LOC_STRINGS = YES;
				SWIFT_VERSION = 5.0;
				TARGETED_DEVICE_FAMILY = 1;
			};
			name = Debug;
		};
		51D75EC72AE00F5F0009E504 /* Release */ = {
			isa = XCBuildConfiguration;
			buildSettings = {
				ASSETCATALOG_COMPILER_APPICON_NAME = AppIcon;
				ASSETCATALOG_COMPILER_GLOBAL_ACCENT_COLOR_NAME = AccentColor;
				CODE_SIGN_STYLE = Automatic;
				CURRENT_PROJECT_VERSION = 1;
				DEVELOPMENT_TEAM = 4M232ZC8EQ;
				GENERATE_INFOPLIST_FILE = YES;
				INFOPLIST_FILE = Colorizer/Info.plist;
				INFOPLIST_KEY_UIApplicationSupportsIndirectInputEvents = YES;
				INFOPLIST_KEY_UILaunchStoryboardName = LaunchScreen;
				INFOPLIST_KEY_UISupportedInterfaceOrientations = UIInterfaceOrientationPortrait;
				INFOPLIST_KEY_UISupportedInterfaceOrientations_iPad = "UIInterfaceOrientationLandscapeLeft UIInterfaceOrientationLandscapeRight UIInterfaceOrientationPortrait UIInterfaceOrientationPortraitUpsideDown";
				IPHONEOS_DEPLOYMENT_TARGET = 15.0;
				LD_RUNPATH_SEARCH_PATHS = (
					"$(inherited)",
					"@executable_path/Frameworks",
				);
				MARKETING_VERSION = 1.0;
				PRODUCT_BUNDLE_IDENTIFIER = com.maxkiselyov.Colorizer;
				PRODUCT_NAME = "$(TARGET_NAME)";
				SUPPORTED_PLATFORMS = "iphoneos iphonesimulator";
				SUPPORTS_MACCATALYST = NO;
				SUPPORTS_MAC_DESIGNED_FOR_IPHONE_IPAD = NO;
				SWIFT_EMIT_LOC_STRINGS = YES;
				SWIFT_VERSION = 5.0;
				TARGETED_DEVICE_FAMILY = 1;
			};
			name = Release;
		};
/* End XCBuildConfiguration section */

/* Begin XCConfigurationList section */
		51D75EAC2AE00F5E0009E504 /* Build configuration list for PBXProject "Colorizer" */ = {
			isa = XCConfigurationList;
			buildConfigurations = (
				51D75EC32AE00F5F0009E504 /* Debug */,
				51D75EC42AE00F5F0009E504 /* Release */,
			);
			defaultConfigurationIsVisible = 0;
			defaultConfigurationName = Release;
		};
		51D75EC52AE00F5F0009E504 /* Build configuration list for PBXNativeTarget "Colorizer" */ = {
			isa = XCConfigurationList;
			buildConfigurations = (
				51D75EC62AE00F5F0009E504 /* Debug */,
				51D75EC72AE00F5F0009E504 /* Release */,
			);
			defaultConfigurationIsVisible = 0;
			defaultConfigurationName = Release;
		};
/* End XCConfigurationList section */
	};
	rootObject = 51D75EA92AE00F5E0009E504 /* Project object */;
}
